# This file is automatically @generated by Cargo.
# It is not intended for manual editing.
version = 3

[[package]]
name = "tycho-consensus"
version = "0.0.1"
dependencies = [
 "tycho-network",
 "tycho-storage",
 "tycho-util",
]

[[package]]
name = "tycho-core"
version = "0.0.1"
dependencies = [
 "tycho-network",
 "tycho-storage",
 "tycho-util",
]

[[package]]
name = "tycho-network"
version = "0.0.1"
dependencies = [
 "tycho-util",
]

[[package]]
name = "tycho-storage"
version = "0.0.1"
dependencies = [
 "tycho-util",
]

[[package]]
name = "tycho-util"
version = "0.0.1"

[[package]]
name = "tycho-validator"
version = "0.0.1"
dependencies = [
 "tycho-consensus",
 "tycho-core",
 "tycho-storage",
 "tycho-util",
]
